
Microsoft Visual Studio Solution File, Format Version 12.00
# Visual Studio Version 16
VisualStudioVersion = 16.0.29613.14
MinimumVisualStudioVersion = 10.0.40219.1
Project("{FAE04EC0-301F-11D3-BF4B-00C04F79EFBC}") = "W13_ClickyCratesWinformsUI", "W13_ClickyCratesWinformsUI\W13_ClickyCratesWinformsUI.csproj", "{ED096F2A-7049-4A39-8424-763FCE2F436C}"
EndProject
Global
	GlobalSection(SolutionConfigurationPlatforms) = preSolution
		Debug|Any CPU = Debug|Any CPU
		Release|Any CPU = Release|Any CPU
	EndGlobalSection
	GlobalSection(ProjectConfigurationPlatforms) = postSolution
		{ED096F2A-7049-4A39-8424-763FCE2F436C}.Debug|Any CPU.ActiveCfg = Debug|Any CPU
		{ED096F2A-7049-4A39-8424-763FCE2F436C}.Debug|Any CPU.Build.0 = Debug|Any CPU
		{ED096F2A-7049-4A39-8424-763FCE2F436C}.Release|Any CPU.ActiveCfg = Release|Any CPU
		{ED096F2A-7049-4A39-8424-763FCE2F436C}.Release|Any CPU.Build.0 = Release|Any CPU
	EndGlobalSection
	GlobalSection(SolutionProperties) = preSolution
		HideSolutionNode = FALSE
	EndGlobalSection
	GlobalSection(ExtensibilityGlobals) = postSolution
		SolutionGuid = {902F14F1-19D8-4EB1-9C9F-2F28FC8D20C0}
	EndGlobalSection
EndGlobal
